
Microsoft Visual Studio Solution File, Format Version 12.00
# Visual Studio 15
VisualStudioVersion = 15.0.28307.757
MinimumVisualStudioVersion = 10.0.40219.1
Project("{9A19103F-16F7-4668-BE54-9A1E7A4F7556}") = "FluentScheduler3", "FluentScheduler3\FluentScheduler3.csproj", "{2ED1AA52-2775-454A-AE37-82EC7D69A111}"
EndProject
Project("{2150E333-8FDC-42A3-9474-1A3956D46DE8}") = "Solution Items", "Solution Items", "{F8F02550-C767-472E-A4B5-7A7CFCE05B9D}"
	ProjectSection(SolutionItems) = preProject
		Readme.md = Readme.md
	EndProjectSection
EndProject
Global
	GlobalSection(SolutionConfigurationPlatforms) = preSolution
		Debug|Any CPU = Debug|Any CPU
		Release|Any CPU = Release|Any CPU
	EndGlobalSection
	GlobalSection(ProjectConfigurationPlatforms) = postSolution
		{2ED1AA52-2775-454A-AE37-82EC7D69A111}.Debug|Any CPU.ActiveCfg = Debug|Any CPU
		{2ED1AA52-2775-454A-AE37-82EC7D69A111}.Debug|Any CPU.Build.0 = Debug|Any CPU
		{2ED1AA52-2775-454A-AE37-82EC7D69A111}.Release|Any CPU.ActiveCfg = Release|Any CPU
		{2ED1AA52-2775-454A-AE37-82EC7D69A111}.Release|Any CPU.Build.0 = Release|Any CPU
	EndGlobalSection
	GlobalSection(SolutionProperties) = preSolution
		HideSolutionNode = FALSE
	EndGlobalSection
	GlobalSection(ExtensibilityGlobals) = postSolution
		SolutionGuid = {ACE2E860-144A-4B17-83FB-401CDF78116D}
	EndGlobalSection
EndGlobal
